Microsoft Visual Studio Solution File, Format Version 11.00
# Visual Studio 2008

Project("{457A1376-BD13-49A3-95C4-B1139ED74CC6}") = "Project-Kingdom", "Assembly-CSharp-firstpass.csproj", "{12822A32-E90F-4FE9-E833-39440B4DA263}"
EndProject
Project("{457A1376-BD13-49A3-95C4-B1139ED74CC6}") = "Project-Kingdom", "Assembly-CSharp.csproj", "{ABB7A9A4-FBDD-AE89-5FD1-932F987967D6}"
EndProject
Project("{457A1376-BD13-49A3-95C4-B1139ED74CC6}") = "Project-Kingdom", "Assembly-CSharp-Editor.csproj", "{6696E49A-6668-027E-252F-1F25EE42D516}"
EndProject
Project("{457A1376-BD13-49A3-95C4-B1139ED74CC6}") = "Project-Kingdom", "Assembly-UnityScript-firstpass.unityproj", "{10DB312E-67D1-EE2E-ED55-92F05F1C7DE1}"
EndProject
Project("{457A1376-BD13-49A3-95C4-B1139ED74CC6}") = "Project-Kingdom", "Assembly-UnityScript.unityproj", "{E5AA1D03-1B79-3663-2EC6-1B1237065BF7}"
EndProject
Project("{457A1376-BD13-49A3-95C4-B1139ED74CC6}") = "Project-Kingdom", "Assembly-UnityScript-Editor.unityproj", "{4572FDBB-2A09-7292-0070-913DFC9F0DE2}"
EndProject
Global
	GlobalSection(SolutionConfigurationPlatforms) = preSolution
		Debug|Any CPU = Debug|Any CPU
		Release|Any CPU = Release|Any CPU
	EndGlobalSection
	GlobalSection(ProjectConfigurationPlatforms) = postSolution
		{12822A32-E90F-4FE9-E833-39440B4DA263}.Debug|Any CPU.ActiveCfg = Debug|Any CPU
		{12822A32-E90F-4FE9-E833-39440B4DA263}.Debug|Any CPU.Build.0 = Debug|Any CPU
		{12822A32-E90F-4FE9-E833-39440B4DA263}.Release|Any CPU.ActiveCfg = Release|Any CPU
		{12822A32-E90F-4FE9-E833-39440B4DA263}.Release|Any CPU.Build.0 = Release|Any CPU
		{ABB7A9A4-FBDD-AE89-5FD1-932F987967D6}.Debug|Any CPU.ActiveCfg = Debug|Any CPU
		{ABB7A9A4-FBDD-AE89-5FD1-932F987967D6}.Debug|Any CPU.Build.0 = Debug|Any CPU
		{ABB7A9A4-FBDD-AE89-5FD1-932F987967D6}.Release|Any CPU.ActiveCfg = Release|Any CPU
		{ABB7A9A4-FBDD-AE89-5FD1-932F987967D6}.Release|Any CPU.Build.0 = Release|Any CPU
		{6696E49A-6668-027E-252F-1F25EE42D516}.Debug|Any CPU.ActiveCfg = Debug|Any CPU
		{6696E49A-6668-027E-252F-1F25EE42D516}.Debug|Any CPU.Build.0 = Debug|Any CPU
		{6696E49A-6668-027E-252F-1F25EE42D516}.Release|Any CPU.ActiveCfg = Release|Any CPU
		{6696E49A-6668-027E-252F-1F25EE42D516}.Release|Any CPU.Build.0 = Release|Any CPU
		{10DB312E-67D1-EE2E-ED55-92F05F1C7DE1}.Debug|Any CPU.ActiveCfg = Debug|Any CPU
		{10DB312E-67D1-EE2E-ED55-92F05F1C7DE1}.Debug|Any CPU.Build.0 = Debug|Any CPU
		{10DB312E-67D1-EE2E-ED55-92F05F1C7DE1}.Release|Any CPU.ActiveCfg = Release|Any CPU
		{10DB312E-67D1-EE2E-ED55-92F05F1C7DE1}.Release|Any CPU.Build.0 = Release|Any CPU
		{E5AA1D03-1B79-3663-2EC6-1B1237065BF7}.Debug|Any CPU.ActiveCfg = Debug|Any CPU
		{E5AA1D03-1B79-3663-2EC6-1B1237065BF7}.Debug|Any CPU.Build.0 = Debug|Any CPU
		{E5AA1D03-1B79-3663-2EC6-1B1237065BF7}.Release|Any CPU.ActiveCfg = Release|Any CPU
		{E5AA1D03-1B79-3663-2EC6-1B1237065BF7}.Release|Any CPU.Build.0 = Release|Any CPU
		{4572FDBB-2A09-7292-0070-913DFC9F0DE2}.Debug|Any CPU.ActiveCfg = Debug|Any CPU
		{4572FDBB-2A09-7292-0070-913DFC9F0DE2}.Debug|Any CPU.Build.0 = Debug|Any CPU
		{4572FDBB-2A09-7292-0070-913DFC9F0DE2}.Release|Any CPU.ActiveCfg = Release|Any CPU
		{4572FDBB-2A09-7292-0070-913DFC9F0DE2}.Release|Any CPU.Build.0 = Release|Any CPU
	EndGlobalSection
	GlobalSection(SolutionProperties) = preSolution
		HideSolutionNode = FALSE
	EndGlobalSection
																																																																																																																																																																																								GlobalSection(MonoDevelopProperties) = preSolution
		StartupItem = Assembly-CSharp.csproj
		Policies = $0
		$0.TextStylePolicy = $1
		$1.inheritsSet = null
		$1.scope = text/x-csharp
		$0.CSharpFormattingPolicy = $2
		$2.inheritsSet = Mono
		$2.inheritsScope = text/x-csharp
		$2.scope = text/x-csharp
		$0.TextStylePolicy = $3
		$3.FileWidth = 120
		$3.TabWidth = 4
		$3.EolMarker = Unix
		$3.inheritsSet = Mono
		$3.inheritsScope = text/plain
		$3.scope = text/plain
	EndGlobalSection

EndGlobal
